// !$*UTF8*$!
{
	archiveVersion = 1;
	classes = {
	};
	objectVersion = 70;
	objects = {

/* Begin PBXBuildFile section */
		CE1F628020CFA65A0075B686 /* TMDBWrapper.swift in Sources */ = {isa = PBXBuildFile; fileRef = CE1F627F20CFA65A0075B686 /* TMDBWrapper.swift */; };
		CE56974A301C198500DF9142 /* PreviewData.swift in Sources */ = {isa = PBXBuildFile; fileRef = CE569749301C198500DF9142 /* PreviewData.swift */; };
		CE56974C301C199C00DF9142 /* PosterImage.swift in Sources */ = {isa = PBXBuildFile; fileRef = CE56974B301C199C00DF9142 /* PosterImage.swift */; };
		CE56974E301C199F00DF9142 /* ProfileImage.swift in Sources */ = {isa = PBXBuildFile; fileRef = CE56974D301C199F00DF9142 /* ProfileImage.swift */; };
		CE569750301C19A600DF9142 /* MoviePosterCard.swift in Sources */ = {isa = PBXBuildFile; fileRef = CE56974F301C19A600DF9142 /* MoviePosterCard.swift */; };
		CE569752301C19AA00DF9142 /* MovieRow.swift in Sources */ = {isa = PBXBuildFile; fileRef = CE569751301C19AA00DF9142 /* MovieRow.swift */; };
		CE569754301C19AE00DF9142 /* PersonRow.swift in Sources */ = {isa = PBXBuildFile; fileRef = CE569753301C19AE00DF9142 /* PersonRow.swift */; };
		CE569756301C19F300DF9142 /* MovieDetailModel.swift in Sources */ = {isa = PBXBuildFile; fileRef = CE569755301C19F300DF9142 /* MovieDetailModel.swift */; };
		CE569758301C1A1000DF9142 /* MovieMetadataStrip.swift in Sources */ = {isa = PBXBuildFile; fileRef = CE569757301C1A1000DF9142 /* MovieMetadataStrip.swift */; };
		CE56975A301C1A2E00DF9142 /* PersonDetailModel.swift in Sources */ = {isa = PBXBuildFile; fileRef = CE569759301C1A2E00DF9142 /* PersonDetailModel.swift */; };
		CE56975C301C1A4500DF9142 /* PersonBioHeader.swift in Sources */ = {isa = PBXBuildFile; fileRef = CE56975B301C1A4500DF9142 /* PersonBioHeader.swift */; };
		CE56975E301C1A6100DF9142 /* FeaturedCollection.swift in Sources */ = {isa = PBXBuildFile; fileRef = CE56975D301C1A6100DF9142 /* FeaturedCollection.swift */; };
		CE569760301C1A6800DF9142 /* FeaturedModel.swift in Sources */ = {isa = PBXBuildFile; fileRef = CE56975F301C1A6800DF9142 /* FeaturedModel.swift */; };
		CE569762301C1A9F00DF9142 /* WatchedSortKey.swift in Sources */ = {isa = PBXBuildFile; fileRef = CE569761301C1A9F00DF9142 /* WatchedSortKey.swift */; };
		CE569766301C1ABF00DF9142 /* SearchModel.swift in Sources */ = {isa = PBXBuildFile; fileRef = CE569765301C1ABF00DF9142 /* SearchModel.swift */; };
		CE569768301C71FF00DF9142 /* MovieListActions.swift in Sources */ = {isa = PBXBuildFile; fileRef = CE569767301C71FF00DF9142 /* MovieListActions.swift */; };
		CE56977C301C824D00DF9142 /* MovieListRow.swift in Sources */ = {isa = PBXBuildFile; fileRef = CE56977B301C824D00DF9142 /* MovieListRow.swift */; };
		CE78BD5320C087F2001E6DB6 /* AppDelegate.swift in Sources */ = {isa = PBXBuildFile; fileRef = CE78BD5220C087F2001E6DB6 /* AppDelegate.swift */; };
		CE78BD8420C112D8001E6DB6 /* Movie.swift in Sources */ = {isa = PBXBuildFile; fileRef = CE78BD8320C112D8001E6DB6 /* Movie.swift */; };
		CE8041A7301D441300F5D6F2 /* EmojiField.swift in Sources */ = {isa = PBXBuildFile; fileRef = CE8041A6301D441300F5D6F2 /* EmojiField.swift */; };
		CE8041B4301D93A200F5D6F2 /* GlassScopeBar.swift in Sources */ = {isa = PBXBuildFile; fileRef = CE8041B3301D93A200F5D6F2 /* GlassScopeBar.swift */; };
		CE8041C4301DA82D00F5D6F2 /* CSVImport.swift in Sources */ = {isa = PBXBuildFile; fileRef = CE8041C3301DA82D00F5D6F2 /* CSVImport.swift */; };
		CE822F48301CB8C40070F69B /* WatchDataArchive.swift in Sources */ = {isa = PBXBuildFile; fileRef = CE822F47301CB8C40070F69B /* WatchDataArchive.swift */; };
		CE822F4C301D13DF0070F69B /* ListManagerView.swift in Sources */ = {isa = PBXBuildFile; fileRef = CE822F4B301D13DF0070F69B /* ListManagerView.swift */; };
		CE822F4E301D1B450070F69B /* ListIcon.swift in Sources */ = {isa = PBXBuildFile; fileRef = CE822F4D301D1B450070F69B /* ListIcon.swift */; };
		CE8C0C90301AD31100F08C6A /* WatchListEntry.swift in Sources */ = {isa = PBXBuildFile; fileRef = CE8C0C8F301AD31100F08C6A /* WatchListEntry.swift */; };
		CE8C0C93301AFE3C00F08C6A /* MovieList.swift in Sources */ = {isa = PBXBuildFile; fileRef = CE8C0C92301AFE3C00F08C6A /* MovieList.swift */; };
		CE8C0C95301AFEDA00F08C6A /* ListEditorView.swift in Sources */ = {isa = PBXBuildFile; fileRef = CE8C0C94301AFEDA00F08C6A /* ListEditorView.swift */; };
		CE8C0C99301BD1DC00F08C6A /* ListMembershipMenu.swift in Sources */ = {isa = PBXBuildFile; fileRef = CE8C0C98301BD1DC00F08C6A /* ListMembershipMenu.swift */; };
		CEB0923220D0CA3E0050D39E /* DateFormatter+Extension.swift in Sources */ = {isa = PBXBuildFile; fileRef = CE1F628520CFC6A60075B686 /* DateFormatter+Extension.swift */; };
		CEB8A463301E8BA2002FBF31 /* CloudSyncMonitor.swift in Sources */ = {isa = PBXBuildFile; fileRef = CEB8A462301E8BA2002FBF31 /* CloudSyncMonitor.swift */; };
		CEB8A469301EE5E1002FBF31 /* SyncLog.swift in Sources */ = {isa = PBXBuildFile; fileRef = CEB8A468301EE5E1002FBF31 /* SyncLog.swift */; };
		CEB8A46B301EF1E5002FBF31 /* TrailerPlayerView.swift in Sources */ = {isa = PBXBuildFile; fileRef = CEB8A46A301EF1E5002FBF31 /* TrailerPlayerView.swift */; };
		CEB8A46D301F0CFE002FBF31 /* WatchListSections.swift in Sources */ = {isa = PBXBuildFile; fileRef = CEB8A46C301F0CFE002FBF31 /* WatchListSections.swift */; };
		CEB8A46F301F17B1002FBF31 /* SectionHeader.swift in Sources */ = {isa = PBXBuildFile; fileRef = CEB8A46E301F17B1002FBF31 /* SectionHeader.swift */; };
		CEB8A471301F17B9002FBF31 /* PosterStrip.swift in Sources */ = {isa = PBXBuildFile; fileRef = CEB8A470301F17B9002FBF31 /* PosterStrip.swift */; };
		CEB8A473301F1891002FBF31 /* MovieOverviewSection.swift in Sources */ = {isa = PBXBuildFile; fileRef = CEB8A472301F1891002FBF31 /* MovieOverviewSection.swift */; };
		CEB8A475301F18B9002FBF31 /* MovieActionBar.swift in Sources */ = {isa = PBXBuildFile; fileRef = CEB8A474301F18B9002FBF31 /* MovieActionBar.swift */; };
		CEB8A477301F18D3002FBF31 /* MovieDetailHeader.swift in Sources */ = {isa = PBXBuildFile; fileRef = CEB8A476301F18D3002FBF31 /* MovieDetailHeader.swift */; };
		CEB8A479301F18E3002FBF31 /* RelatedMoviesSection.swift in Sources */ = {isa = PBXBuildFile; fileRef = CEB8A478301F18E3002FBF31 /* RelatedMoviesSection.swift */; };
		CEB8A47B301F18F3002FBF31 /* MovieCastSection.swift in Sources */ = {isa = PBXBuildFile; fileRef = CEB8A47A301F18F3002FBF31 /* MovieCastSection.swift */; };
		CEB8A47D301F19BD002FBF31 /* PersonFilmography.swift in Sources */ = {isa = PBXBuildFile; fileRef = CEB8A47C301F19BD002FBF31 /* PersonFilmography.swift */; };
		CEB8A47F301F19F5002FBF31 /* StarRating.swift in Sources */ = {isa = PBXBuildFile; fileRef = CEB8A47E301F19F5002FBF31 /* StarRating.swift */; };
		CEB8A481301F1A00002FBF31 /* WatchedDate.swift in Sources */ = {isa = PBXBuildFile; fileRef = CEB8A480301F1A00002FBF31 /* WatchedDate.swift */; };
		CEB8A483301F1C1B002FBF31 /* BackupTransfer.swift in Sources */ = {isa = PBXBuildFile; fileRef = CEB8A482301F1C1B002FBF31 /* BackupTransfer.swift */; };
		CEB8A485301F1C32002FBF31 /* WatchListToolbar.swift in Sources */ = {isa = PBXBuildFile; fileRef = CEB8A484301F1C32002FBF31 /* WatchListToolbar.swift */; };
		CEB8A487301F1C6C002FBF31 /* WatchListRows.swift in Sources */ = {isa = PBXBuildFile; fileRef = CEB8A486301F1C6C002FBF31 /* WatchListRows.swift */; };
		CEDA8BC121997F2A006BB3CD /* Person.swift in Sources */ = {isa = PBXBuildFile; fileRef = CEDA8BC021997F2A006BB3CD /* Person.swift */; };
		CEDA8BC321997F71006BB3CD /* String+Extension.swift in Sources */ = {isa = PBXBuildFile; fileRef = CEDA8BC221997F71006BB3CD /* String+Extension.swift */; };
		CEEAFCDF3019D0A900D06E0E /* SceneDelegate.swift in Sources */ = {isa = PBXBuildFile; fileRef = CEEAFCDE3019D0A900D06E0E /* SceneDelegate.swift */; };
		CEEAFCE13019D0AB00D06E0E /* RootView.swift in Sources */ = {isa = PBXBuildFile; fileRef = CEEAFCE03019D0AB00D06E0E /* RootView.swift */; };
		CEEAFCE43019D11E00D06E0E /* TMDBWrapper+Async.swift in Sources */ = {isa = PBXBuildFile; fileRef = CEEAFCE23019D11E00D06E0E /* TMDBWrapper+Async.swift */; };
		CEEAFCE83019D1D100D06E0E /* Color+ProjectColors.swift in Sources */ = {isa = PBXBuildFile; fileRef = CEEAFCE73019D1D100D06E0E /* Color+ProjectColors.swift */; };
		CEEAFCEE3019D1F800D06E0E /* FeaturedView.swift in Sources */ = {isa = PBXBuildFile; fileRef = CEEAFCED3019D1F800D06E0E /* FeaturedView.swift */; };
		CEEAFCF03019D1FA00D06E0E /* WatchListView.swift in Sources */ = {isa = PBXBuildFile; fileRef = CEEAFCEF3019D1FA00D06E0E /* WatchListView.swift */; };
		CEEAFCF23019D1FB00D06E0E /* SearchView.swift in Sources */ = {isa = PBXBuildFile; fileRef = CEEAFCF13019D1FB00D06E0E /* SearchView.swift */; };
		CEEAFCF93019DE0200D06E0E /* Color+AverageColor.swift in Sources */ = {isa = PBXBuildFile; fileRef = CEEAFCF83019DE0200D06E0E /* Color+AverageColor.swift */; };
		CEEAFCFD3019DEBF00D06E0E /* MovieDetailView.swift in Sources */ = {isa = PBXBuildFile; fileRef = CEEAFCFC3019DEBF00D06E0E /* MovieDetailView.swift */; };
		CEEAFCFF3019DEE200D06E0E /* PersonDetailView.swift in Sources */ = {isa = PBXBuildFile; fileRef = CEEAFCFE3019DEE200D06E0E /* PersonDetailView.swift */; };
		CEEAFD013019DEEA00D06E0E /* PosterDetailView.swift in Sources */ = {isa = PBXBuildFile; fileRef = CEEAFD003019DEEA00D06E0E /* PosterDetailView.swift */; };
/* End PBXBuildFile section */

/* Begin PBXFileReference section */
		CE1F627F20CFA65A0075B686 /* TMDBWrapper.swift */ = {isa = PBXFileReference; lastKnownFileType = sourcecode.swift; name = TMDBWrapper.swift; path = MovieTracker/Models/TMDBWrapper.swift; sourceTree = SOURCE_ROOT; };
		CE1F628520CFC6A60075B686 /* DateFormatter+Extension.swift */ = {isa = PBXFileReference; lastKnownFileType = sourcecode.swift; path = "DateFormatter+Extension.swift"; sourceTree = "<group>"; };
		CE569749301C198500DF9142 /* PreviewData.swift */ = {isa = PBXFileReference; lastKnownFileType = sourcecode.swift; path = PreviewData.swift; sourceTree = "<group>"; };
		CE56974B301C199C00DF9142 /* PosterImage.swift */ = {isa = PBXFileReference; lastKnownFileType = sourcecode.swift; path = PosterImage.swift; sourceTree = "<group>"; };
		CE56974D301C199F00DF9142 /* ProfileImage.swift */ = {isa = PBXFileReference; lastKnownFileType = sourcecode.swift; path = ProfileImage.swift; sourceTree = "<group>"; };
		CE56974F301C19A600DF9142 /* MoviePosterCard.swift */ = {isa = PBXFileReference; lastKnownFileType = sourcecode.swift; path = MoviePosterCard.swift; sourceTree = "<group>"; };
		CE569751301C19AA00DF9142 /* MovieRow.swift */ = {isa = PBXFileReference; lastKnownFileType = sourcecode.swift; path = MovieRow.swift; sourceTree = "<group>"; };
		CE569753301C19AE00DF9142 /* PersonRow.swift */ = {isa = PBXFileReference; lastKnownFileType = sourcecode.swift; path = PersonRow.swift; sourceTree = "<group>"; };
		CE569755301C19F300DF9142 /* MovieDetailModel.swift */ = {isa = PBXFileReference; lastKnownFileType = sourcecode.swift; path = MovieDetailModel.swift; sourceTree = "<group>"; };
		CE569757301C1A1000DF9142 /* MovieMetadataStrip.swift */ = {isa = PBXFileReference; lastKnownFileType = sourcecode.swift; path = MovieMetadataStrip.swift; sourceTree = "<group>"; };
		CE569759301C1A2E00DF9142 /* PersonDetailModel.swift */ = {isa = PBXFileReference; lastKnownFileType = sourcecode.swift; path = PersonDetailModel.swift; sourceTree = "<group>"; };
		CE56975B301C1A4500DF9142 /* PersonBioHeader.swift */ = {isa = PBXFileReference; lastKnownFileType = sourcecode.swift; path = PersonBioHeader.swift; sourceTree = "<group>"; };
		CE56975D301C1A6100DF9142 /* FeaturedCollection.swift */ = {isa = PBXFileReference; lastKnownFileType = sourcecode.swift; path = FeaturedCollection.swift; sourceTree = "<group>"; };
		CE56975F301C1A6800DF9142 /* FeaturedModel.swift */ = {isa = PBXFileReference; lastKnownFileType = sourcecode.swift; path = FeaturedModel.swift; sourceTree = "<group>"; };
		CE569761301C1A9F00DF9142 /* WatchedSortKey.swift */ = {isa = PBXFileReference; lastKnownFileType = sourcecode.swift; path = WatchedSortKey.swift; sourceTree = "<group>"; };
		CE569765301C1ABF00DF9142 /* SearchModel.swift */ = {isa = PBXFileReference; lastKnownFileType = sourcecode.swift; path = SearchModel.swift; sourceTree = "<group>"; };
		CE569767301C71FF00DF9142 /* MovieListActions.swift */ = {isa = PBXFileReference; lastKnownFileType = sourcecode.swift; path = MovieListActions.swift; sourceTree = "<group>"; };
		CE56977B301C824D00DF9142 /* MovieListRow.swift */ = {isa = PBXFileReference; lastKnownFileType = sourcecode.swift; path = MovieListRow.swift; sourceTree = "<group>"; };
		CE78BD4F20C087F2001E6DB6 /* Marquee.app */ = {isa = PBXFileReference; explicitFileType = wrapper.application; includeInIndex = 0; path = Marquee.app; sourceTree = BUILT_PRODUCTS_DIR; };
		CE78BD5220C087F2001E6DB6 /* AppDelegate.swift */ = {isa = PBXFileReference; lastKnownFileType = sourcecode.swift; path = AppDelegate.swift; sourceTree = "<group>"; };
		CE78BD8320C112D8001E6DB6 /* Movie.swift */ = {isa = PBXFileReference; lastKnownFileType = sourcecode.swift; path = Movie.swift; sourceTree = "<group>"; };
		CE8041A6301D441300F5D6F2 /* EmojiField.swift */ = {isa = PBXFileReference; lastKnownFileType = sourcecode.swift; path = EmojiField.swift; sourceTree = "<group>"; };
		CE8041B3301D93A200F5D6F2 /* GlassScopeBar.swift */ = {isa = PBXFileReference; lastKnownFileType = sourcecode.swift; path = GlassScopeBar.swift; sourceTree = "<group>"; };
		CE8041C3301DA82D00F5D6F2 /* CSVImport.swift */ = {isa = PBXFileReference; lastKnownFileType = sourcecode.swift; path = CSVImport.swift; sourceTree = "<group>"; };
		CE822F47301CB8C40070F69B /* WatchDataArchive.swift */ = {isa = PBXFileReference; lastKnownFileType = sourcecode.swift; path = WatchDataArchive.swift; sourceTree = "<group>"; };
		CE822F4B301D13DF0070F69B /* ListManagerView.swift */ = {isa = PBXFileReference; lastKnownFileType = sourcecode.swift; path = ListManagerView.swift; sourceTree = "<group>"; };
		CE822F4D301D1B450070F69B /* ListIcon.swift */ = {isa = PBXFileReference; lastKnownFileType = sourcecode.swift; path = ListIcon.swift; sourceTree = "<group>"; };
		CE8C0C8F301AD31100F08C6A /* WatchListEntry.swift */ = {isa = PBXFileReference; lastKnownFileType = sourcecode.swift; path = WatchListEntry.swift; sourceTree = "<group>"; };
		CE8C0C92301AFE3C00F08C6A /* MovieList.swift */ = {isa = PBXFileReference; lastKnownFileType = sourcecode.swift; path = MovieList.swift; sourceTree = "<group>"; };
		CE8C0C94301AFEDA00F08C6A /* ListEditorView.swift */ = {isa = PBXFileReference; lastKnownFileType = sourcecode.swift; path = ListEditorView.swift; sourceTree = "<group>"; };
		CE8C0C98301BD1DC00F08C6A /* ListMembershipMenu.swift */ = {isa = PBXFileReference; lastKnownFileType = sourcecode.swift; path = ListMembershipMenu.swift; sourceTree = "<group>"; };
		CEB8A462301E8BA2002FBF31 /* CloudSyncMonitor.swift */ = {isa = PBXFileReference; lastKnownFileType = sourcecode.swift; path = CloudSyncMonitor.swift; sourceTree = "<group>"; };
		CEB8A468301EE5E1002FBF31 /* SyncLog.swift */ = {isa = PBXFileReference; lastKnownFileType = sourcecode.swift; path = SyncLog.swift; sourceTree = "<group>"; };
		CEB8A46A301EF1E5002FBF31 /* TrailerPlayerView.swift */ = {isa = PBXFileReference; lastKnownFileType = sourcecode.swift; path = TrailerPlayerView.swift; sourceTree = "<group>"; };
		CEB8A46C301F0CFE002FBF31 /* WatchListSections.swift */ = {isa = PBXFileReference; lastKnownFileType = sourcecode.swift; path = WatchListSections.swift; sourceTree = "<group>"; };
		CEB8A46E301F17B1002FBF31 /* SectionHeader.swift */ = {isa = PBXFileReference; lastKnownFileType = sourcecode.swift; path = SectionHeader.swift; sourceTree = "<group>"; };
		CEB8A470301F17B9002FBF31 /* PosterStrip.swift */ = {isa = PBXFileReference; lastKnownFileType = sourcecode.swift; path = PosterStrip.swift; sourceTree = "<group>"; };
		CEB8A472301F1891002FBF31 /* MovieOverviewSection.swift */ = {isa = PBXFileReference; lastKnownFileType = sourcecode.swift; path = MovieOverviewSection.swift; sourceTree = "<group>"; };
		CEB8A474301F18B9002FBF31 /* MovieActionBar.swift */ = {isa = PBXFileReference; lastKnownFileType = sourcecode.swift; path = MovieActionBar.swift; sourceTree = "<group>"; };
		CEB8A476301F18D3002FBF31 /* MovieDetailHeader.swift */ = {isa = PBXFileReference; lastKnownFileType = sourcecode.swift; path = MovieDetailHeader.swift; sourceTree = "<group>"; };
		CEB8A478301F18E3002FBF31 /* RelatedMoviesSection.swift */ = {isa = PBXFileReference; lastKnownFileType = sourcecode.swift; path = RelatedMoviesSection.swift; sourceTree = "<group>"; };
		CEB8A47A301F18F3002FBF31 /* MovieCastSection.swift */ = {isa = PBXFileReference; lastKnownFileType = sourcecode.swift; path = MovieCastSection.swift; sourceTree = "<group>"; };
		CEB8A47C301F19BD002FBF31 /* PersonFilmography.swift */ = {isa = PBXFileReference; lastKnownFileType = sourcecode.swift; path = PersonFilmography.swift; sourceTree = "<group>"; };
		CEB8A47E301F19F5002FBF31 /* StarRating.swift */ = {isa = PBXFileReference; lastKnownFileType = sourcecode.swift; path = StarRating.swift; sourceTree = "<group>"; };
		CEB8A480301F1A00002FBF31 /* WatchedDate.swift */ = {isa = PBXFileReference; lastKnownFileType = sourcecode.swift; path = WatchedDate.swift; sourceTree = "<group>"; };
		CEB8A482301F1C1B002FBF31 /* BackupTransfer.swift */ = {isa = PBXFileReference; lastKnownFileType = sourcecode.swift; path = BackupTransfer.swift; sourceTree = "<group>"; };
		CEB8A484301F1C32002FBF31 /* WatchListToolbar.swift */ = {isa = PBXFileReference; lastKnownFileType = sourcecode.swift; path = WatchListToolbar.swift; sourceTree = "<group>"; };
		CEB8A486301F1C6C002FBF31 /* WatchListRows.swift */ = {isa = PBXFileReference; lastKnownFileType = sourcecode.swift; path = WatchListRows.swift; sourceTree = "<group>"; };
		CEDA8BC021997F2A006BB3CD /* Person.swift */ = {isa = PBXFileReference; lastKnownFileType = sourcecode.swift; path = Person.swift; sourceTree = "<group>"; };
		CEDA8BC221997F71006BB3CD /* String+Extension.swift */ = {isa = PBXFileReference; lastKnownFileType = sourcecode.swift; path = "String+Extension.swift"; sourceTree = "<group>"; };
		CEEAFCDE3019D0A900D06E0E /* SceneDelegate.swift */ = {isa = PBXFileReference; lastKnownFileType = sourcecode.swift; path = SceneDelegate.swift; sourceTree = "<group>"; };
		CEEAFCE03019D0AB00D06E0E /* RootView.swift */ = {isa = PBXFileReference; lastKnownFileType = sourcecode.swift; path = RootView.swift; sourceTree = "<group>"; };
		CEEAFCE23019D11E00D06E0E /* TMDBWrapper+Async.swift */ = {isa = PBXFileReference; lastKnownFileType = sourcecode.swift; path = "TMDBWrapper+Async.swift"; sourceTree = "<group>"; };
		CEEAFCE73019D1D100D06E0E /* Color+ProjectColors.swift */ = {isa = PBXFileReference; lastKnownFileType = sourcecode.swift; path = "Color+ProjectColors.swift"; sourceTree = "<group>"; };
		CEEAFCED3019D1F800D06E0E /* FeaturedView.swift */ = {isa = PBXFileReference; lastKnownFileType = sourcecode.swift; path = FeaturedView.swift; sourceTree = "<group>"; };
		CEEAFCEF3019D1FA00D06E0E /* WatchListView.swift */ = {isa = PBXFileReference; lastKnownFileType = sourcecode.swift; path = WatchListView.swift; sourceTree = "<group>"; };
		CEEAFCF13019D1FB00D06E0E /* SearchView.swift */ = {isa = PBXFileReference; lastKnownFileType = sourcecode.swift; path = SearchView.swift; sourceTree = "<group>"; };
		CEEAFCF83019DE0200D06E0E /* Color+AverageColor.swift */ = {isa = PBXFileReference; lastKnownFileType = sourcecode.swift; path = "Color+AverageColor.swift"; sourceTree = "<group>"; };
		CEEAFCFC3019DEBF00D06E0E /* MovieDetailView.swift */ = {isa = PBXFileReference; lastKnownFileType = sourcecode.swift; path = MovieDetailView.swift; sourceTree = "<group>"; };
		CEEAFCFE3019DEE200D06E0E /* PersonDetailView.swift */ = {isa = PBXFileReference; lastKnownFileType = sourcecode.swift; path = PersonDetailView.swift; sourceTree = "<group>"; };
		CEEAFD003019DEEA00D06E0E /* PosterDetailView.swift */ = {isa = PBXFileReference; lastKnownFileType = sourcecode.swift; path = PosterDetailView.swift; sourceTree = "<group>"; };
		CEEE5B6521AE3B35008C8EAE /* README.md */ = {isa = PBXFileReference; lastKnownFileType = net.daringfireball.markdown; path = README.md; sourceTree = "<group>"; };
/* End PBXFileReference section */

/* Begin PBXFileSystemSynchronizedBuildFileExceptionSet section */
		CE56976A301C7AAF00DF9142 /* PBXFileSystemSynchronizedBuildFileExceptionSet */ = {
			isa = PBXFileSystemSynchronizedBuildFileExceptionSet;
			membershipExceptions = (
				Info.plist,
			);
			target = CE78BD4E20C087F2001E6DB6 /* Marquee */;
		};
/* End PBXFileSystemSynchronizedBuildFileExceptionSet section */

/* Begin PBXFileSystemSynchronizedRootGroup section */
		CE569769301C7AAE00DF9142 /* Resources */ = {isa = PBXFileSystemSynchronizedRootGroup; exceptions = (CE56976A301C7AAF00DF9142 /* PBXFileSystemSynchronizedBuildFileExceptionSet */, ); explicitFileTypes = {}; explicitFolders = (); path = Resources; sourceTree = "<group>"; };
/* End PBXFileSystemSynchronizedRootGroup section */

/* Begin PBXFrameworksBuildPhase section */
		CE78BD4C20C087F2001E6DB6 /* Frameworks */ = {
			isa = PBXFrameworksBuildPhase;
			buildActionMask = 2147483647;
			files = (
			);
			runOnlyForDeploymentPostprocessing = 0;
		};
/* End PBXFrameworksBuildPhase section */

/* Begin PBXGroup section */
		CE569748301C198500DF9142 /* Preview */ = {
			isa = PBXGroup;
			children = (
				CE569749301C198500DF9142 /* PreviewData.swift */,
			);
			path = Preview;
			sourceTree = "<group>";
		};
		CE56977D301C873400DF9142 /* Featured */ = {
			isa = PBXGroup;
			children = (
				CEEAFCED3019D1F800D06E0E /* FeaturedView.swift */,
				CE56975F301C1A6800DF9142 /* FeaturedModel.swift */,
				CE56975D301C1A6100DF9142 /* FeaturedCollection.swift */,
				CE56974F301C19A600DF9142 /* MoviePosterCard.swift */,
			);
			path = Featured;
			sourceTree = "<group>";
		};
		CE56977E301C873400DF9142 /* Search */ = {
			isa = PBXGroup;
			children = (
				CEEAFCF13019D1FB00D06E0E /* SearchView.swift */,
				CE569765301C1ABF00DF9142 /* SearchModel.swift */,
			);
			path = Search;
			sourceTree = "<group>";
		};
		CE56977F301C873500DF9142 /* WatchList */ = {
			isa = PBXGroup;
			children = (
				CEEAFCEF3019D1FA00D06E0E /* WatchListView.swift */,
				CE569761301C1A9F00DF9142 /* WatchedSortKey.swift */,
				CE8C0C94301AFEDA00F08C6A /* ListEditorView.swift */,
				CE822F4B301D13DF0070F69B /* ListManagerView.swift */,
				CEB8A46C301F0CFE002FBF31 /* WatchListSections.swift */,
				CEB8A482301F1C1B002FBF31 /* BackupTransfer.swift */,
				CEB8A484301F1C32002FBF31 /* WatchListToolbar.swift */,
				CEB8A486301F1C6C002FBF31 /* WatchListRows.swift */,
			);
			path = WatchList;
			sourceTree = "<group>";
		};
		CE569780301C873600DF9142 /* MovieDetail */ = {
			isa = PBXGroup;
			children = (
				CEEAFCFC3019DEBF00D06E0E /* MovieDetailView.swift */,
				CE569755301C19F300DF9142 /* MovieDetailModel.swift */,
				CEEAFD003019DEEA00D06E0E /* PosterDetailView.swift */,
				CE569757301C1A1000DF9142 /* MovieMetadataStrip.swift */,
				CEB8A472301F1891002FBF31 /* MovieOverviewSection.swift */,
				CEB8A474301F18B9002FBF31 /* MovieActionBar.swift */,
				CEB8A476301F18D3002FBF31 /* MovieDetailHeader.swift */,
				CEB8A478301F18E3002FBF31 /* RelatedMoviesSection.swift */,
				CEB8A47A301F18F3002FBF31 /* MovieCastSection.swift */,
				CEB8A47E301F19F5002FBF31 /* StarRating.swift */,
				CEB8A480301F1A00002FBF31 /* WatchedDate.swift */,
			);
			path = MovieDetail;
			sourceTree = "<group>";
		};
		CE569781301C873600DF9142 /* PersonDetail */ = {
			isa = PBXGroup;
			children = (
				CEEAFCFE3019DEE200D06E0E /* PersonDetailView.swift */,
				CE569759301C1A2E00DF9142 /* PersonDetailModel.swift */,
				CE56975B301C1A4500DF9142 /* PersonBioHeader.swift */,
				CEB8A47C301F19BD002FBF31 /* PersonFilmography.swift */,
			);
			path = PersonDetail;
			sourceTree = "<group>";
		};
		CE569782301C873700DF9142 /* Shared */ = {
			isa = PBXGroup;
			children = (
				CE8041B3301D93A200F5D6F2 /* GlassScopeBar.swift */,
				CE8041A6301D441300F5D6F2 /* EmojiField.swift */,
				CE569751301C19AA00DF9142 /* MovieRow.swift */,
				CE56977B301C824D00DF9142 /* MovieListRow.swift */,
				CE569767301C71FF00DF9142 /* MovieListActions.swift */,
				CE8C0C98301BD1DC00F08C6A /* ListMembershipMenu.swift */,
				CE569753301C19AE00DF9142 /* PersonRow.swift */,
				CE56974B301C199C00DF9142 /* PosterImage.swift */,
				CE56974D301C199F00DF9142 /* ProfileImage.swift */,
				CE822F4D301D1B450070F69B /* ListIcon.swift */,
				CEB8A46A301EF1E5002FBF31 /* TrailerPlayerView.swift */,
				CEB8A46E301F17B1002FBF31 /* SectionHeader.swift */,
				CEB8A470301F17B9002FBF31 /* PosterStrip.swift */,
			);
			path = Shared;
			sourceTree = "<group>";
		};
		CE59561520CA69230047BC39 /* Models */ = {
			isa = PBXGroup;
			children = (
				CE1F627F20CFA65A0075B686 /* TMDBWrapper.swift */,
				CEEAFCE23019D11E00D06E0E /* TMDBWrapper+Async.swift */,
				CE78BD8320C112D8001E6DB6 /* Movie.swift */,
				CEDA8BC021997F2A006BB3CD /* Person.swift */,
				CE8C0C8F301AD31100F08C6A /* WatchListEntry.swift */,
				CE8C0C92301AFE3C00F08C6A /* MovieList.swift */,
				CE822F47301CB8C40070F69B /* WatchDataArchive.swift */,
				CE8041C3301DA82D00F5D6F2 /* CSVImport.swift */,
				CEB8A462301E8BA2002FBF31 /* CloudSyncMonitor.swift */,
				CEB8A468301EE5E1002FBF31 /* SyncLog.swift */,
			);
			path = Models;
			sourceTree = "<group>";
		};
		CE78BD4620C087F2001E6DB6 = {
			isa = PBXGroup;
			children = (
				CE78BD5120C087F2001E6DB6 /* MovieTracker */,
				CE78BD5020C087F2001E6DB6 /* Products */,
			);
			sourceTree = "<group>";
		};
		CE78BD5020C087F2001E6DB6 /* Products */ = {
			isa = PBXGroup;
			children = (
				CE78BD4F20C087F2001E6DB6 /* Marquee.app */,
			);
			name = Products;
			sourceTree = "<group>";
		};
		CE78BD5120C087F2001E6DB6 /* MovieTracker */ = {
			isa = PBXGroup;
			children = (
				CEEE5B6521AE3B35008C8EAE /* README.md */,
				CE569769301C7AAE00DF9142 /* Resources */,
				CE78BD5220C087F2001E6DB6 /* AppDelegate.swift */,
				CEEAFCDE3019D0A900D06E0E /* SceneDelegate.swift */,
				CEEAFCE03019D0AB00D06E0E /* RootView.swift */,
				CE59561520CA69230047BC39 /* Models */,
				CEEAFCEC3019D1F800D06E0E /* Views */,
				CE94C8AA20CC6C2D00E3925E /* Extensions */,
			);
			path = MovieTracker;
			sourceTree = "<group>";
		};
		CE94C8AA20CC6C2D00E3925E /* Extensions */ = {
			isa = PBXGroup;
			children = (
				CE1F628520CFC6A60075B686 /* DateFormatter+Extension.swift */,
				CEDA8BC221997F71006BB3CD /* String+Extension.swift */,
				CEEAFCE73019D1D100D06E0E /* Color+ProjectColors.swift */,
				CEEAFCF83019DE0200D06E0E /* Color+AverageColor.swift */,
			);
			path = Extensions;
			sourceTree = "<group>";
		};
		CEEAFCEC3019D1F800D06E0E /* Views */ = {
			isa = PBXGroup;
			children = (
				CE569748301C198500DF9142 /* Preview */,
				CE56977D301C873400DF9142 /* Featured */,
				CE56977E301C873400DF9142 /* Search */,
				CE56977F301C873500DF9142 /* WatchList */,
				CE569780301C873600DF9142 /* MovieDetail */,
				CE569781301C873600DF9142 /* PersonDetail */,
				CE569782301C873700DF9142 /* Shared */,
			);
			path = Views;
			sourceTree = "<group>";
		};
/* End PBXGroup section */

/* Begin PBXNativeTarget section */
		CE78BD4E20C087F2001E6DB6 /* Marquee */ = {
			isa = PBXNativeTarget;
			buildConfigurationList = CE78BD7A20C087F4001E6DB6 /* Build configuration list for PBXNativeTarget "Marquee" */;
			buildPhases = (
				CE78BD4B20C087F2001E6DB6 /* Sources */,
				CE78BD4C20C087F2001E6DB6 /* Frameworks */,
				CE78BD4D20C087F2001E6DB6 /* Resources */,
			);
			buildRules = (
			);
			dependencies = (
			);
			fileSystemSynchronizedGroups = (
				CE569769301C7AAE00DF9142 /* Resources */,
			);
			name = Marquee;
			productName = MovieTracker;
			productReference = CE78BD4F20C087F2001E6DB6 /* Marquee.app */;
			productType = "com.apple.product-type.application";
		};
/* End PBXNativeTarget section */

/* Begin PBXProject section */
		CE78BD4720C087F2001E6DB6 /* Project object */ = {
			isa = PBXProject;
			attributes = {
				BuildIndependentTargetsInParallel = YES;
				LastSwiftUpdateCheck = 0940;
				LastUpgradeCheck = 2700;
				ORGANIZATIONNAME = ebarer;
				TargetAttributes = {
					CE78BD4E20C087F2001E6DB6 = {
						CreatedOnToolsVersion = 9.4;
						LastSwiftMigration = 1120;
					};
				};
			};
			buildConfigurationList = CE78BD4A20C087F2001E6DB6 /* Build configuration list for PBXProject "MovieTracker" */;
			compatibilityVersion = "Xcode 9.3";
			developmentRegion = en;
			hasScannedForEncodings = 0;
			knownRegions = (
				en,
				Base,
			);
			mainGroup = CE78BD4620C087F2001E6DB6;
			productRefGroup = CE78BD5020C087F2001E6DB6 /* Products */;
			projectDirPath = "";
			projectRoot = "";
			targets = (
				CE78BD4E20C087F2001E6DB6 /* Marquee */,
			);
		};
/* End PBXProject section */

/* Begin PBXResourcesBuildPhase section */
		CE78BD4D20C087F2001E6DB6 /* Resources */ = {
			isa = PBXResourcesBuildPhase;
			buildActionMask = 2147483647;
			files = (
			);
			runOnlyForDeploymentPostprocessing = 0;
		};
/* End PBXResourcesBuildPhase section */

/* Begin PBXSourcesBuildPhase section */
		CE78BD4B20C087F2001E6DB6 /* Sources */ = {
			isa = PBXSourcesBuildPhase;
			buildActionMask = 2147483647;
			files = (
				CE56974A301C198500DF9142 /* PreviewData.swift in Sources */,
				CE569760301C1A6800DF9142 /* FeaturedModel.swift in Sources */,
				CEB8A46D301F0CFE002FBF31 /* WatchListSections.swift in Sources */,
				CEEAFCFD3019DEBF00D06E0E /* MovieDetailView.swift in Sources */,
				CEEAFCE43019D11E00D06E0E /* TMDBWrapper+Async.swift in Sources */,
				CE8C0C90301AD31100F08C6A /* WatchListEntry.swift in Sources */,
				CEDA8BC321997F71006BB3CD /* String+Extension.swift in Sources */,
				CE8041B4301D93A200F5D6F2 /* GlassScopeBar.swift in Sources */,
				CE569768301C71FF00DF9142 /* MovieListActions.swift in Sources */,
				CEEAFCFF3019DEE200D06E0E /* PersonDetailView.swift in Sources */,
				CEB8A481301F1A00002FBF31 /* WatchedDate.swift in Sources */,
				CEEAFCE83019D1D100D06E0E /* Color+ProjectColors.swift in Sources */,
				CE1F628020CFA65A0075B686 /* TMDBWrapper.swift in Sources */,
				CEB8A475301F18B9002FBF31 /* MovieActionBar.swift in Sources */,
				CE822F4C301D13DF0070F69B /* ListManagerView.swift in Sources */,
				CEEAFCEE3019D1F800D06E0E /* FeaturedView.swift in Sources */,
				CEEAFCF23019D1FB00D06E0E /* SearchView.swift in Sources */,
				CE569766301C1ABF00DF9142 /* SearchModel.swift in Sources */,
				CEB8A46B301EF1E5002FBF31 /* TrailerPlayerView.swift in Sources */,
				CE56975C301C1A4500DF9142 /* PersonBioHeader.swift in Sources */,
				CE56977C301C824D00DF9142 /* MovieListRow.swift in Sources */,
				CE8041C4301DA82D00F5D6F2 /* CSVImport.swift in Sources */,
				CE56974E301C199F00DF9142 /* ProfileImage.swift in Sources */,
				CE78BD8420C112D8001E6DB6 /* Movie.swift in Sources */,
				CEB8A469301EE5E1002FBF31 /* SyncLog.swift in Sources */,
				CE822F4E301D1B450070F69B /* ListIcon.swift in Sources */,
				CEDA8BC121997F2A006BB3CD /* Person.swift in Sources */,
				CE78BD5320C087F2001E6DB6 /* AppDelegate.swift in Sources */,
				CEB0923220D0CA3E0050D39E /* DateFormatter+Extension.swift in Sources */,
				CEB8A473301F1891002FBF31 /* MovieOverviewSection.swift in Sources */,
				CE8C0C99301BD1DC00F08C6A /* ListMembershipMenu.swift in Sources */,
				CE569754301C19AE00DF9142 /* PersonRow.swift in Sources */,
				CE569752301C19AA00DF9142 /* MovieRow.swift in Sources */,
				CEB8A463301E8BA2002FBF31 /* CloudSyncMonitor.swift in Sources */,
				CE56974C301C199C00DF9142 /* PosterImage.swift in Sources */,
				CE8C0C93301AFE3C00F08C6A /* MovieList.swift in Sources */,
				CEEAFCF93019DE0200D06E0E /* Color+AverageColor.swift in Sources */,
				CEEAFD013019DEEA00D06E0E /* PosterDetailView.swift in Sources */,
				CEEAFCDF3019D0A900D06E0E /* SceneDelegate.swift in Sources */,
				CEB8A477301F18D3002FBF31 /* MovieDetailHeader.swift in Sources */,
				CEB8A485301F1C32002FBF31 /* WatchListToolbar.swift in Sources */,
				CEB8A47D301F19BD002FBF31 /* PersonFilmography.swift in Sources */,
				CEB8A471301F17B9002FBF31 /* PosterStrip.swift in Sources */,
				CE56975E301C1A6100DF9142 /* FeaturedCollection.swift in Sources */,
				CEB8A47F301F19F5002FBF31 /* StarRating.swift in Sources */,
				CE56975A301C1A2E00DF9142 /* PersonDetailModel.swift in Sources */,
				CE8041A7301D441300F5D6F2 /* EmojiField.swift in Sources */,
				CEB8A47B301F18F3002FBF31 /* MovieCastSection.swift in Sources */,
				CE569758301C1A1000DF9142 /* MovieMetadataStrip.swift in Sources */,
				CE8C0C95301AFEDA00F08C6A /* ListEditorView.swift in Sources */,
				CEEAFCF03019D1FA00D06E0E /* WatchListView.swift in Sources */,
				CEEAFCE13019D0AB00D06E0E /* RootView.swift in Sources */,
				CEB8A487301F1C6C002FBF31 /* WatchListRows.swift in Sources */,
				CE569756301C19F300DF9142 /* MovieDetailModel.swift in Sources */,
				CEB8A46F301F17B1002FBF31 /* SectionHeader.swift in Sources */,
				CE569750301C19A600DF9142 /* MoviePosterCard.swift in Sources */,
				CEB8A483301F1C1B002FBF31 /* BackupTransfer.swift in Sources */,
				CE569762301C1A9F00DF9142 /* WatchedSortKey.swift in Sources */,
				CEB8A479301F18E3002FBF31 /* RelatedMoviesSection.swift in Sources */,
				CE822F48301CB8C40070F69B /* WatchDataArchive.swift in Sources */,
			);
			runOnlyForDeploymentPostprocessing = 0;
		};
/* End PBXSourcesBuildPhase section */

/* Begin XCBuildConfiguration section */
		CE78BD7820C087F4001E6DB6 /* Debug */ = {
			isa = XCBuildConfiguration;
			buildSettings = {
				ALWAYS_SEARCH_USER_PATHS = NO;
				ASSETCATALOG_COMPILER_GENERATE_SWIFT_ASSET_SYMBOL_EXTENSIONS = YES;
				CLANG_ANALYZER_NONNULL = YES;
				CLANG_ANALYZER_NUMBER_OBJECT_CONVERSION = YES_AGGRESSIVE;
				CLANG_CXX_LANGUAGE_STANDARD = "gnu++14";
				CLANG_CXX_LIBRARY = "libc++";
				CLANG_ENABLE_MODULES = YES;
				CLANG_ENABLE_OBJC_ARC = YES;
				CLANG_ENABLE_OBJC_WEAK = YES;
				CLANG_WARN_BLOCK_CAPTURE_AUTORELEASING = YES;
				CLANG_WARN_BOOL_CONVERSION = YES;
				CLANG_WARN_COMMA = YES;
				CLANG_WARN_CONSTANT_CONVERSION = YES;
				CLANG_WARN_DEPRECATED_OBJC_IMPLEMENTATIONS = YES;
				CLANG_WARN_DIRECT_OBJC_ISA_USAGE = YES_ERROR;
				CLANG_WARN_DOCUMENTATION_COMMENTS = YES;
				CLANG_WARN_EMPTY_BODY = YES;
				CLANG_WARN_ENUM_CONVERSION = YES;
				CLANG_WARN_INFINITE_RECURSION = YES;
				CLANG_WARN_INT_CONVERSION = YES;
				CLANG_WARN_NON_LITERAL_NULL_CONVERSION = YES;
				CLANG_WARN_OBJC_IMPLICIT_RETAIN_SELF = YES;
				CLANG_WARN_OBJC_LITERAL_CONVERSION = YES;
				CLANG_WARN_OBJC_ROOT_CLASS = YES_ERROR;
				CLANG_WARN_QUOTED_INCLUDE_IN_FRAMEWORK_HEADER = YES;
				CLANG_WARN_RANGE_LOOP_ANALYSIS = YES;
				CLANG_WARN_STRICT_PROTOTYPES = YES;
				CLANG_WARN_SUSPICIOUS_MOVE = YES;
				CLANG_WARN_UNGUARDED_AVAILABILITY = YES_AGGRESSIVE;
				CLANG_WARN_UNREACHABLE_CODE = YES;
				CLANG_WARN__DUPLICATE_METHOD_MATCH = YES;
				CODE_SIGN_IDENTITY = "iPhone Developer";
				COPY_PHASE_STRIP = NO;
				DEBUG_INFORMATION_FORMAT = dwarf;
				DEVELOPMENT_TEAM = 5ZJB9DN7AQ;
				ENABLE_STRICT_OBJC_MSGSEND = YES;
				ENABLE_TESTABILITY = YES;
				ENABLE_USER_SCRIPT_SANDBOXING = YES;
				GCC_C_LANGUAGE_STANDARD = gnu11;
				GCC_DYNAMIC_NO_PIC = NO;
				GCC_NO_COMMON_BLOCKS = YES;
				GCC_OPTIMIZATION_LEVEL = 0;
				GCC_PREPROCESSOR_DEFINITIONS = (
					"DEBUG=1",
					"$(inherited)",
				);
				GCC_WARN_64_TO_32_BIT_CONVERSION = YES;
				GCC_WARN_ABOUT_RETURN_TYPE = YES_ERROR;
				GCC_WARN_UNDECLARED_SELECTOR = YES;
				GCC_WARN_UNINITIALIZED_AUTOS = YES_AGGRESSIVE;
				GCC_WARN_UNUSED_FUNCTION = YES;
				GCC_WARN_UNUSED_VARIABLE = YES;
				IPHONEOS_DEPLOYMENT_TARGET = 12.0;
				MTL_ENABLE_DEBUG_INFO = YES;
				ONLY_ACTIVE_ARCH = YES;
				SDKROOT = iphoneos;
				STRING_CATALOG_GENERATE_SYMBOLS = YES;
				SWIFT_ACTIVE_COMPILATION_CONDITIONS = DEBUG;
				SWIFT_OPTIMIZATION_LEVEL = "-Onone";
			};
			name = Debug;
		};
		CE78BD7920C087F4001E6DB6 /* Release */ = {
			isa = XCBuildConfiguration;
			buildSettings = {
				ALWAYS_SEARCH_USER_PATHS = NO;
				ASSETCATALOG_COMPILER_GENERATE_SWIFT_ASSET_SYMBOL_EXTENSIONS = YES;
				CLANG_ANALYZER_NONNULL = YES;
				CLANG_ANALYZER_NUMBER_OBJECT_CONVERSION = YES_AGGRESSIVE;
				CLANG_CXX_LANGUAGE_STANDARD = "gnu++14";
				CLANG_CXX_LIBRARY = "libc++";
				CLANG_ENABLE_MODULES = YES;
				CLANG_ENABLE_OBJC_ARC = YES;
				CLANG_ENABLE_OBJC_WEAK = YES;
				CLANG_WARN_BLOCK_CAPTURE_AUTORELEASING = YES;
				CLANG_WARN_BOOL_CONVERSION = YES;
				CLANG_WARN_COMMA = YES;
				CLANG_WARN_CONSTANT_CONVERSION = YES;
				CLANG_WARN_DEPRECATED_OBJC_IMPLEMENTATIONS = YES;
				CLANG_WARN_DIRECT_OBJC_ISA_USAGE = YES_ERROR;
				CLANG_WARN_DOCUMENTATION_COMMENTS = YES;
				CLANG_WARN_EMPTY_BODY = YES;
				CLANG_WARN_ENUM_CONVERSION = YES;
				CLANG_WARN_INFINITE_RECURSION = YES;
				CLANG_WARN_INT_CONVERSION = YES;
				CLANG_WARN_NON_LITERAL_NULL_CONVERSION = YES;
				CLANG_WARN_OBJC_IMPLICIT_RETAIN_SELF = YES;
				CLANG_WARN_OBJC_LITERAL_CONVERSION = YES;
				CLANG_WARN_OBJC_ROOT_CLASS = YES_ERROR;
				CLANG_WARN_QUOTED_INCLUDE_IN_FRAMEWORK_HEADER = YES;
				CLANG_WARN_RANGE_LOOP_ANALYSIS = YES;
				CLANG_WARN_STRICT_PROTOTYPES = YES;
				CLANG_WARN_SUSPICIOUS_MOVE = YES;
				CLANG_WARN_UNGUARDED_AVAILABILITY = YES_AGGRESSIVE;
				CLANG_WARN_UNREACHABLE_CODE = YES;
				CLANG_WARN__DUPLICATE_METHOD_MATCH = YES;
				CODE_SIGN_IDENTITY = "iPhone Developer";
				COPY_PHASE_STRIP = NO;
				DEBUG_INFORMATION_FORMAT = "dwarf-with-dsym";
				DEVELOPMENT_TEAM = 5ZJB9DN7AQ;
				ENABLE_NS_ASSERTIONS = NO;
				ENABLE_STRICT_OBJC_MSGSEND = YES;
				ENABLE_USER_SCRIPT_SANDBOXING = YES;
				GCC_C_LANGUAGE_STANDARD = gnu11;
				GCC_NO_COMMON_BLOCKS = YES;
				GCC_WARN_64_TO_32_BIT_CONVERSION = YES;
				GCC_WARN_ABOUT_RETURN_TYPE = YES_ERROR;
				GCC_WARN_UNDECLARED_SELECTOR = YES;
				GCC_WARN_UNINITIALIZED_AUTOS = YES_AGGRESSIVE;
				GCC_WARN_UNUSED_FUNCTION = YES;
				GCC_WARN_UNUSED_VARIABLE = YES;
				IPHONEOS_DEPLOYMENT_TARGET = 12.0;
				MTL_ENABLE_DEBUG_INFO = NO;
				SDKROOT = iphoneos;
				STRING_CATALOG_GENERATE_SYMBOLS = YES;
				SWIFT_COMPILATION_MODE = wholemodule;
				SWIFT_OPTIMIZATION_LEVEL = "-O";
				VALIDATE_PRODUCT = YES;
			};
			name = Release;
		};
		CE78BD7B20C087F4001E6DB6 /* Debug */ = {
			isa = XCBuildConfiguration;
			buildSettings = {
				ASSETCATALOG_COMPILER_APPICON_NAME = AppIcon;
				CODE_SIGN_ENTITLEMENTS = MovieTracker/Resources/MovieTracker.entitlements;
				CODE_SIGN_IDENTITY = "iPhone Developer";
				CODE_SIGN_STYLE = Automatic;
				CURRENT_PROJECT_VERSION = 2026.8.1.7;
				INFOPLIST_FILE = MovieTracker/Resources/Info.plist;
				IPHONEOS_DEPLOYMENT_TARGET = 27.0;
				LD_RUNPATH_SEARCH_PATHS = (
					"$(inherited)",
					"@executable_path/Frameworks",
				);
				MARKETING_VERSION = 1.0;
				PRODUCT_BUNDLE_IDENTIFIER = com.ebarer.Marquee;
				PRODUCT_NAME = "$(TARGET_NAME)";
				PROVISIONING_PROFILE_SPECIFIER = "";
				SWIFT_VERSION = 5.0;
				TARGETED_DEVICE_FAMILY = "1,2";
			};
			name = Debug;
		};
		CE78BD7C20C087F4001E6DB6 /* Release */ = {
			isa = XCBuildConfiguration;
			buildSettings = {
				ASSETCATALOG_COMPILER_APPICON_NAME = AppIcon;
				CODE_SIGN_ENTITLEMENTS = MovieTracker/Resources/MovieTracker.entitlements;
				CODE_SIGN_IDENTITY = "iPhone Developer";
				CODE_SIGN_STYLE = Automatic;
				CURRENT_PROJECT_VERSION = 2026.8.1.7;
				INFOPLIST_FILE = MovieTracker/Resources/Info.plist;
				IPHONEOS_DEPLOYMENT_TARGET = 27.0;
				LD_RUNPATH_SEARCH_PATHS = (
					"$(inherited)",
					"@executable_path/Frameworks",
				);
				MARKETING_VERSION = 1.0;
				PRODUCT_BUNDLE_IDENTIFIER = com.ebarer.Marquee;
				PRODUCT_NAME = "$(TARGET_NAME)";
				PROVISIONING_PROFILE_SPECIFIER = "";
				SWIFT_VERSION = 5.0;
				TARGETED_DEVICE_FAMILY = "1,2";
			};
			name = Release;
		};
/* End XCBuildConfiguration section */

/* Begin XCConfigurationList section */
		CE78BD4A20C087F2001E6DB6 /* Build configuration list for PBXProject "MovieTracker" */ = {
			isa = XCConfigurationList;
			buildConfigurations = (
				CE78BD7820C087F4001E6DB6 /* Debug */,
				CE78BD7920C087F4001E6DB6 /* Release */,
			);
			defaultConfigurationIsVisible = 0;
			defaultConfigurationName = Release;
		};
		CE78BD7A20C087F4001E6DB6 /* Build configuration list for PBXNativeTarget "Marquee" */ = {
			isa = XCConfigurationList;
			buildConfigurations = (
				CE78BD7B20C087F4001E6DB6 /* Debug */,
				CE78BD7C20C087F4001E6DB6 /* Release */,
			);
			defaultConfigurationIsVisible = 0;
			defaultConfigurationName = Release;
		};
/* End XCConfigurationList section */
	};
	rootObject = CE78BD4720C087F2001E6DB6 /* Project object */;
}
